
Microsoft Visual Studio Solution File, Format Version 12.00
# Visual Studio 2012
Project("{FAE04EC0-301F-11D3-BF4B-00C04F79EFBC}") = "XyuxiangObject", "XyuxiangObject\XyuxiangObject.csproj", "{A2F24B3B-C824-4095-AE8E-A7524D0578FC}"
EndProject
Project("{FAE04EC0-301F-11D3-BF4B-00C04F79EFBC}") = "Xyuxiang.BLL", "Xyuxiang.BLL\Xyuxiang.BLL.csproj", "{246EF683-0F51-4551-9705-9BA2715188E6}"
EndProject
Global
	GlobalSection(SolutionConfigurationPlatforms) = preSolution
		Debug|Any CPU = Debug|Any CPU
		Release|Any CPU = Release|Any CPU
	EndGlobalSection
	GlobalSection(ProjectConfigurationPlatforms) = postSolution
		{A2F24B3B-C824-4095-AE8E-A7524D0578FC}.Debug|Any CPU.ActiveCfg = Debug|Any CPU
		{A2F24B3B-C824-4095-AE8E-A7524D0578FC}.Debug|Any CPU.Build.0 = Debug|Any CPU
		{A2F24B3B-C824-4095-AE8E-A7524D0578FC}.Release|Any CPU.ActiveCfg = Release|Any CPU
		{A2F24B3B-C824-4095-AE8E-A7524D0578FC}.Release|Any CPU.Build.0 = Release|Any CPU
		{246EF683-0F51-4551-9705-9BA2715188E6}.Debug|Any CPU.ActiveCfg = Debug|Any CPU
		{246EF683-0F51-4551-9705-9BA2715188E6}.Debug|Any CPU.Build.0 = Debug|Any CPU
		{246EF683-0F51-4551-9705-9BA2715188E6}.Release|Any CPU.ActiveCfg = Release|Any CPU
		{246EF683-0F51-4551-9705-9BA2715188E6}.Release|Any CPU.Build.0 = Release|Any CPU
	EndGlobalSection
	GlobalSection(SolutionProperties) = preSolution
		HideSolutionNode = FALSE
	EndGlobalSection
EndGlobal
